// !$*UTF8*$!
{
	archiveVersion = 1;
	classes = {
	};
	objectVersion = 50;
	objects = {

/* Begin PBXBuildFile section */
		526B7B1D20878DA200AD27AD /* AppDelegate.m in Sources */ = {isa = PBXBuildFile; fileRef = 526B7B1C20878DA200AD27AD /* AppDelegate.m */; };
		526B7B2520878DA300AD27AD /* Assets.xcassets in Resources */ = {isa = PBXBuildFile; fileRef = 526B7B2420878DA300AD27AD /* Assets.xcassets */; };
		526B7B2820878DA300AD27AD /* LaunchScreen.storyboard in Resources */ = {isa = PBXBuildFile; fileRef = 526B7B2620878DA300AD27AD /* LaunchScreen.storyboard */; };
		526B7B2B20878DA300AD27AD /* main.m in Sources */ = {isa = PBXBuildFile; fileRef = 526B7B2A20878DA300AD27AD /* main.m */; };
		526B7B3920878EDF00AD27AD /* PagerNode.m in Sources */ = {isa = PBXBuildFile; fileRef = 526B7B3220878EDE00AD27AD /* PagerNode.m */; };
		526B7B3A20878EDF00AD27AD /* SegmentedNode.m in Sources */ = {isa = PBXBuildFile; fileRef = 526B7B3320878EDE00AD27AD /* SegmentedNode.m */; };
		526B7B3B20878EDF00AD27AD /* SegmentedAndPagerNodeController.m in Sources */ = {isa = PBXBuildFile; fileRef = 526B7B3420878EDE00AD27AD /* SegmentedAndPagerNodeController.m */; };
		526B7B3F2090C73600AD27AD /* NotificationConstants.m in Sources */ = {isa = PBXBuildFile; fileRef = 526B7B3E2090C73600AD27AD /* NotificationConstants.m */; };
		526B7B452097076C00AD27AD /* PageCell.m in Sources */ = {isa = PBXBuildFile; fileRef = 526B7B442097076C00AD27AD /* PageCell.m */; };
		526B7B482097130300AD27AD /* LICENSE in Resources */ = {isa = PBXBuildFile; fileRef = 526B7B462097130200AD27AD /* LICENSE */; };
		526B7B492097130300AD27AD /* README.md in Resources */ = {isa = PBXBuildFile; fileRef = 526B7B472097130300AD27AD /* README.md */; };
		5AB20BA55D9A3BD6938D4BA4 /* libPods-SegmentedAndPagerNodeExample.a in Frameworks */ = {isa = PBXBuildFile; fileRef = E11C41CAB6C64F91D145E093 /* libPods-SegmentedAndPagerNodeExample.a */; };
/* End PBXBuildFile section */

/* Begin PBXFileReference section */
		4BFD98BBF9CE1896E515786C /* Pods-SegmentedAndPagerNodeExample.release.xcconfig */ = {isa = PBXFileReference; includeInIndex = 1; lastKnownFileType = text.xcconfig; name = "Pods-SegmentedAndPagerNodeExample.release.xcconfig"; path = "Pods/Target Support Files/Pods-SegmentedAndPagerNodeExample/Pods-SegmentedAndPagerNodeExample.release.xcconfig"; sourceTree = "<group>"; };
		526B7B1820878DA200AD27AD /* SegmentedAndPagerNodeExample.app */ = {isa = PBXFileReference; explicitFileType = wrapper.application; includeInIndex = 0; path = SegmentedAndPagerNodeExample.app; sourceTree = BUILT_PRODUCTS_DIR; };
		526B7B1B20878DA200AD27AD /* AppDelegate.h */ = {isa = PBXFileReference; lastKnownFileType = sourcecode.c.h; path = AppDelegate.h; sourceTree = "<group>"; };
		526B7B1C20878DA200AD27AD /* AppDelegate.m */ = {isa = PBXFileReference; lastKnownFileType = sourcecode.c.objc; path = AppDelegate.m; sourceTree = "<group>"; };
		526B7B2420878DA300AD27AD /* Assets.xcassets */ = {isa = PBXFileReference; lastKnownFileType = folder.assetcatalog; path = Assets.xcassets; sourceTree = "<group>"; };
		526B7B2720878DA300AD27AD /* Base */ = {isa = PBXFileReference; lastKnownFileType = file.storyboard; name = Base; path = Base.lproj/LaunchScreen.storyboard; sourceTree = "<group>"; };
		526B7B2920878DA300AD27AD /* Info.plist */ = {isa = PBXFileReference; lastKnownFileType = text.plist.xml; path = Info.plist; sourceTree = "<group>"; };
		526B7B2A20878DA300AD27AD /* main.m */ = {isa = PBXFileReference; lastKnownFileType = sourcecode.c.objc; path = main.m; sourceTree = "<group>"; };
		526B7B3120878EDE00AD27AD /* SegmentedAndPagerNodeController.h */ = {isa = PBXFileReference; fileEncoding = 4; lastKnownFileType = sourcecode.c.h; path = SegmentedAndPagerNodeController.h; sourceTree = SOURCE_ROOT; };
		526B7B3220878EDE00AD27AD /* PagerNode.m */ = {isa = PBXFileReference; fileEncoding = 4; lastKnownFileType = sourcecode.c.objc; path = PagerNode.m; sourceTree = SOURCE_ROOT; };
		526B7B3320878EDE00AD27AD /* SegmentedNode.m */ = {isa = PBXFileReference; fileEncoding = 4; lastKnownFileType = sourcecode.c.objc; path = SegmentedNode.m; sourceTree = SOURCE_ROOT; };
		526B7B3420878EDE00AD27AD /* SegmentedAndPagerNodeController.m */ = {isa = PBXFileReference; fileEncoding = 4; lastKnownFileType = sourcecode.c.objc; path = SegmentedAndPagerNodeController.m; sourceTree = SOURCE_ROOT; };
		526B7B3720878EDF00AD27AD /* PagerNode.h */ = {isa = PBXFileReference; fileEncoding = 4; lastKnownFileType = sourcecode.c.h; path = PagerNode.h; sourceTree = SOURCE_ROOT; };
		526B7B3820878EDF00AD27AD /* SegmentedNode.h */ = {isa = PBXFileReference; fileEncoding = 4; lastKnownFileType = sourcecode.c.h; path = SegmentedNode.h; sourceTree = SOURCE_ROOT; };
		526B7B3D2090C72E00AD27AD /* NotificationConstants.h */ = {isa = PBXFileReference; lastKnownFileType = sourcecode.c.h; path = NotificationConstants.h; sourceTree = SOURCE_ROOT; };
		526B7B3E2090C73600AD27AD /* NotificationConstants.m */ = {isa = PBXFileReference; fileEncoding = 4; lastKnownFileType = sourcecode.c.objc; path = NotificationConstants.m; sourceTree = SOURCE_ROOT; };
		526B7B432097076C00AD27AD /* PageCell.h */ = {isa = PBXFileReference; fileEncoding = 4; lastKnownFileType = sourcecode.c.h; path = PageCell.h; sourceTree = SOURCE_ROOT; };
		526B7B442097076C00AD27AD /* PageCell.m */ = {isa = PBXFileReference; fileEncoding = 4; lastKnownFileType = sourcecode.c.objc; path = PageCell.m; sourceTree = SOURCE_ROOT; };
		526B7B462097130200AD27AD /* LICENSE */ = {isa = PBXFileReference; fileEncoding = 4; lastKnownFileType = text; path = LICENSE; sourceTree = "<group>"; };
		526B7B472097130300AD27AD /* README.md */ = {isa = PBXFileReference; fileEncoding = 4; lastKnownFileType = net.daringfireball.markdown; path = README.md; sourceTree = "<group>"; };
		617D1F611B621C0FCB0439F9 /* Pods-SegmentedAndPagerNodeExample.debug.xcconfig */ = {isa = PBXFileReference; includeInIndex = 1; lastKnownFileType = text.xcconfig; name = "Pods-SegmentedAndPagerNodeExample.debug.xcconfig"; path = "Pods/Target Support Files/Pods-SegmentedAndPagerNodeExample/Pods-SegmentedAndPagerNodeExample.debug.xcconfig"; sourceTree = "<group>"; };
		E11C41CAB6C64F91D145E093 /* libPods-SegmentedAndPagerNodeExample.a */ = {isa = PBXFileReference; explicitFileType = archive.ar; includeInIndex = 0; path = "libPods-SegmentedAndPagerNodeExample.a"; sourceTree = BUILT_PRODUCTS_DIR; };
/* End PBXFileReference section */

/* Begin PBXFrameworksBuildPhase section */
		526B7B1520878DA200AD27AD /* Frameworks */ = {
			isa = PBXFrameworksBuildPhase;
			buildActionMask = 2147483647;
			files = (
				5AB20BA55D9A3BD6938D4BA4 /* libPods-SegmentedAndPagerNodeExample.a in Frameworks */,
			);
			runOnlyForDeploymentPostprocessing = 0;
		};
/* End PBXFrameworksBuildPhase section */

/* Begin PBXGroup section */
		526B7B0F20878DA200AD27AD = {
			isa = PBXGroup;
			children = (
				526B7B472097130300AD27AD /* README.md */,
				526B7B462097130200AD27AD /* LICENSE */,
				526B7B1A20878DA200AD27AD /* SegmentedAndPagerNodeExample */,
				526B7B1920878DA200AD27AD /* Products */,
				E73499F081E5D613C6B53221 /* Pods */,
				8B4243F9B0BAC7960DECD643 /* Frameworks */,
			);
			sourceTree = "<group>";
		};
		526B7B1920878DA200AD27AD /* Products */ = {
			isa = PBXGroup;
			children = (
				526B7B1820878DA200AD27AD /* SegmentedAndPagerNodeExample.app */,
			);
			name = Products;
			sourceTree = "<group>";
		};
		526B7B1A20878DA200AD27AD /* SegmentedAndPagerNodeExample */ = {
			isa = PBXGroup;
			children = (
				526B7B1B20878DA200AD27AD /* AppDelegate.h */,
				526B7B1C20878DA200AD27AD /* AppDelegate.m */,
				526B7B3D2090C72E00AD27AD /* NotificationConstants.h */,
				526B7B3E2090C73600AD27AD /* NotificationConstants.m */,
				526B7B3120878EDE00AD27AD /* SegmentedAndPagerNodeController.h */,
				526B7B3420878EDE00AD27AD /* SegmentedAndPagerNodeController.m */,
				526B7B3820878EDF00AD27AD /* SegmentedNode.h */,
				526B7B3320878EDE00AD27AD /* SegmentedNode.m */,
				526B7B3720878EDF00AD27AD /* PagerNode.h */,
				526B7B3220878EDE00AD27AD /* PagerNode.m */,
				526B7B432097076C00AD27AD /* PageCell.h */,
				526B7B442097076C00AD27AD /* PageCell.m */,
				526B7B2420878DA300AD27AD /* Assets.xcassets */,
				526B7B2620878DA300AD27AD /* LaunchScreen.storyboard */,
				526B7B2920878DA300AD27AD /* Info.plist */,
				526B7B2A20878DA300AD27AD /* main.m */,
			);
			path = SegmentedAndPagerNodeExample;
			sourceTree = "<group>";
		};
		8B4243F9B0BAC7960DECD643 /* Frameworks */ = {
			isa = PBXGroup;
			children = (
				E11C41CAB6C64F91D145E093 /* libPods-SegmentedAndPagerNodeExample.a */,
			);
			name = Frameworks;
			sourceTree = "<group>";
		};
		E73499F081E5D613C6B53221 /* Pods */ = {
			isa = PBXGroup;
			children = (
				617D1F611B621C0FCB0439F9 /* Pods-SegmentedAndPagerNodeExample.debug.xcconfig */,
				4BFD98BBF9CE1896E515786C /* Pods-SegmentedAndPagerNodeExample.release.xcconfig */,
			);
			name = Pods;
			sourceTree = "<group>";
		};
/* End PBXGroup section */

/* Begin PBXNativeTarget section */
		526B7B1720878DA200AD27AD /* SegmentedAndPagerNodeExample */ = {
			isa = PBXNativeTarget;
			buildConfigurationList = 526B7B2E20878DA300AD27AD /* Build configuration list for PBXNativeTarget "SegmentedAndPagerNodeExample" */;
			buildPhases = (
				630403BAF48C2479E7328DC1 /* [CP] Check Pods Manifest.lock */,
				526B7B1420878DA200AD27AD /* Sources */,
				526B7B1520878DA200AD27AD /* Frameworks */,
				526B7B1620878DA200AD27AD /* Resources */,
			);
			buildRules = (
			);
			dependencies = (
			);
			name = SegmentedAndPagerNodeExample;
			productName = SegmentedAndPagerNodeExample;
			productReference = 526B7B1820878DA200AD27AD /* SegmentedAndPagerNodeExample.app */;
			productType = "com.apple.product-type.application";
		};
/* End PBXNativeTarget section */

/* Begin PBXProject section */
		526B7B1020878DA200AD27AD /* Project object */ = {
			isa = PBXProject;
			attributes = {
				LastUpgradeCheck = 0930;
				ORGANIZATIONNAME = me.archimboldi;
				TargetAttributes = {
					526B7B1720878DA200AD27AD = {
						CreatedOnToolsVersion = 9.3;
					};
				};
			};
			buildConfigurationList = 526B7B1320878DA200AD27AD /* Build configuration list for PBXProject "SegmentedAndPagerNodeExample" */;
			compatibilityVersion = "Xcode 9.3";
			developmentRegion = en;
			hasScannedForEncodings = 0;
			knownRegions = (
				en,
				Base,
			);
			mainGroup = 526B7B0F20878DA200AD27AD;
			productRefGroup = 526B7B1920878DA200AD27AD /* Products */;
			projectDirPath = "";
			projectRoot = "";
			targets = (
				526B7B1720878DA200AD27AD /* SegmentedAndPagerNodeExample */,
			);
		};
/* End PBXProject section */

/* Begin PBXResourcesBuildPhase section */
		526B7B1620878DA200AD27AD /* Resources */ = {
			isa = PBXResourcesBuildPhase;
			buildActionMask = 2147483647;
			files = (
				526B7B482097130300AD27AD /* LICENSE in Resources */,
				526B7B2820878DA300AD27AD /* LaunchScreen.storyboard in Resources */,
				526B7B492097130300AD27AD /* README.md in Resources */,
				526B7B2520878DA300AD27AD /* Assets.xcassets in Resources */,
			);
			runOnlyForDeploymentPostprocessing = 0;
		};
/* End PBXResourcesBuildPhase section */

/* Begin PBXShellScriptBuildPhase section */
		630403BAF48C2479E7328DC1 /* [CP] Check Pods Manifest.lock */ = {
			isa = PBXShellScriptBuildPhase;
			buildActionMask = 2147483647;
			files = (
			);
			inputPaths = (
				"${PODS_PODFILE_DIR_PATH}/Podfile.lock",
				"${PODS_ROOT}/Manifest.lock",
			);
			name = "[CP] Check Pods Manifest.lock";
			outputPaths = (
				"$(DERIVED_FILE_DIR)/Pods-SegmentedAndPagerNodeExample-checkManifestLockResult.txt",
			);
			runOnlyForDeploymentPostprocessing = 0;
			shellPath = /bin/sh;
			shellScript = "diff \"${PODS_PODFILE_DIR_PATH}/Podfile.lock\" \"${PODS_ROOT}/Manifest.lock\" > /dev/null\nif [ $? != 0 ] ; then\n    # print error to STDERR\n    echo \"error: The sandbox is not in sync with the Podfile.lock. Run 'pod install' or update your CocoaPods installation.\" >&2\n    exit 1\nfi\n# This output is used by Xcode 'outputs' to avoid re-running this script phase.\necho \"SUCCESS\" > \"${SCRIPT_OUTPUT_FILE_0}\"\n";
			showEnvVarsInLog = 0;
		};
/* End PBXShellScriptBuildPhase section */

/* Begin PBXSourcesBuildPhase section */
		526B7B1420878DA200AD27AD /* Sources */ = {
			isa = PBXSourcesBuildPhase;
			buildActionMask = 2147483647;
			files = (
				526B7B2B20878DA300AD27AD /* main.m in Sources */,
				526B7B1D20878DA200AD27AD /* AppDelegate.m in Sources */,
				526B7B3F2090C73600AD27AD /* NotificationConstants.m in Sources */,
				526B7B452097076C00AD27AD /* PageCell.m in Sources */,
				526B7B3A20878EDF00AD27AD /* SegmentedNode.m in Sources */,
				526B7B3920878EDF00AD27AD /* PagerNode.m in Sources */,
				526B7B3B20878EDF00AD27AD /* SegmentedAndPagerNodeController.m in Sources */,
			);
			runOnlyForDeploymentPostprocessing = 0;
		};
/* End PBXSourcesBuildPhase section */

/* Begin PBXVariantGroup section */
		526B7B2620878DA300AD27AD /* LaunchScreen.storyboard */ = {
			isa = PBXVariantGroup;
			children = (
				526B7B2720878DA300AD27AD /* Base */,
			);
			name = LaunchScreen.storyboard;
			sourceTree = "<group>";
		};
/* End PBXVariantGroup section */

/* Begin XCBuildConfiguration section */
		526B7B2C20878DA300AD27AD /* Debug */ = {
			isa = XCBuildConfiguration;
			buildSettings = {
				ALWAYS_SEARCH_USER_PATHS = NO;
				CLANG_ANALYZER_NONNULL = YES;
				CLANG_ANALYZER_NUMBER_OBJECT_CONVERSION = YES_AGGRESSIVE;
				CLANG_CXX_LANGUAGE_STANDARD = "gnu++14";
				CLANG_CXX_LIBRARY = "libc++";
				CLANG_ENABLE_MODULES = YES;
				CLANG_ENABLE_OBJC_ARC = YES;
				CLANG_ENABLE_OBJC_WEAK = YES;
				CLANG_WARN_BLOCK_CAPTURE_AUTORELEASING = YES;
				CLANG_WARN_BOOL_CONVERSION = YES;
				CLANG_WARN_COMMA = YES;
				CLANG_WARN_CONSTANT_CONVERSION = YES;
				CLANG_WARN_DEPRECATED_OBJC_IMPLEMENTATIONS = YES;
				CLANG_WARN_DIRECT_OBJC_ISA_USAGE = YES_ERROR;
				CLANG_WARN_DOCUMENTATION_COMMENTS = YES;
				CLANG_WARN_EMPTY_BODY = YES;
				CLANG_WARN_ENUM_CONVERSION = YES;
				CLANG_WARN_INFINITE_RECURSION = YES;
				CLANG_WARN_INT_CONVERSION = YES;
				CLANG_WARN_NON_LITERAL_NULL_CONVERSION = YES;
				CLANG_WARN_OBJC_IMPLICIT_RETAIN_SELF = YES;
				CLANG_WARN_OBJC_LITERAL_CONVERSION = YES;
				CLANG_WARN_OBJC_ROOT_CLASS = YES_ERROR;
				CLANG_WARN_RANGE_LOOP_ANALYSIS = YES;
				CLANG_WARN_STRICT_PROTOTYPES = YES;
				CLANG_WARN_SUSPICIOUS_MOVE = YES;
				CLANG_WARN_UNGUARDED_AVAILABILITY = YES_AGGRESSIVE;
				CLANG_WARN_UNREACHABLE_CODE = YES;
				CLANG_WARN__DUPLICATE_METHOD_MATCH = YES;
				CODE_SIGN_IDENTITY = "";
				COPY_PHASE_STRIP = NO;
				DEBUG_INFORMATION_FORMAT = dwarf;
				ENABLE_STRICT_OBJC_MSGSEND = YES;
				ENABLE_TESTABILITY = YES;
				GCC_C_LANGUAGE_STANDARD = gnu11;
				GCC_DYNAMIC_NO_PIC = NO;
				GCC_NO_COMMON_BLOCKS = YES;
				GCC_OPTIMIZATION_LEVEL = 0;
				GCC_PREPROCESSOR_DEFINITIONS = (
					"DEBUG=1",
					"$(inherited)",
				);
				GCC_WARN_64_TO_32_BIT_CONVERSION = YES;
				GCC_WARN_ABOUT_RETURN_TYPE = YES_ERROR;
				GCC_WARN_UNDECLARED_SELECTOR = YES;
				GCC_WARN_UNINITIALIZED_AUTOS = YES_AGGRESSIVE;
				GCC_WARN_UNUSED_FUNCTION = YES;
				GCC_WARN_UNUSED_VARIABLE = YES;
				IPHONEOS_DEPLOYMENT_TARGET = 11.3;
				MTL_ENABLE_DEBUG_INFO = YES;
				ONLY_ACTIVE_ARCH = YES;
				SDKROOT = iphoneos;
			};
			name = Debug;
		};
		526B7B2D20878DA300AD27AD /* Release */ = {
			isa = XCBuildConfiguration;
			buildSettings = {
				ALWAYS_SEARCH_USER_PATHS = NO;
				CLANG_ANALYZER_NONNULL = YES;
				CLANG_ANALYZER_NUMBER_OBJECT_CONVERSION = YES_AGGRESSIVE;
				CLANG_CXX_LANGUAGE_STANDARD = "gnu++14";
				CLANG_CXX_LIBRARY = "libc++";
				CLANG_ENABLE_MODULES = YES;
				CLANG_ENABLE_OBJC_ARC = YES;
				CLANG_ENABLE_OBJC_WEAK = YES;
				CLANG_WARN_BLOCK_CAPTURE_AUTORELEASING = YES;
				CLANG_WARN_BOOL_CONVERSION = YES;
				CLANG_WARN_COMMA = YES;
				CLANG_WARN_CONSTANT_CONVERSION = YES;
				CLANG_WARN_DEPRECATED_OBJC_IMPLEMENTATIONS = YES;
				CLANG_WARN_DIRECT_OBJC_ISA_USAGE = YES_ERROR;
				CLANG_WARN_DOCUMENTATION_COMMENTS = YES;
				CLANG_WARN_EMPTY_BODY = YES;
				CLANG_WARN_ENUM_CONVERSION = YES;
				CLANG_WARN_INFINITE_RECURSION = YES;
				CLANG_WARN_INT_CONVERSION = YES;
				CLANG_WARN_NON_LITERAL_NULL_CONVERSION = YES;
				CLANG_WARN_OBJC_IMPLICIT_RETAIN_SELF = YES;
				CLANG_WARN_OBJC_LITERAL_CONVERSION = YES;
				CLANG_WARN_OBJC_ROOT_CLASS = YES_ERROR;
				CLANG_WARN_RANGE_LOOP_ANALYSIS = YES;
				CLANG_WARN_STRICT_PROTOTYPES = YES;
				CLANG_WARN_SUSPICIOUS_MOVE = YES;
				CLANG_WARN_UNGUARDED_AVAILABILITY = YES_AGGRESSIVE;
				CLANG_WARN_UNREACHABLE_CODE = YES;
				CLANG_WARN__DUPLICATE_METHOD_MATCH = YES;
				CODE_SIGN_IDENTITY = "";
				COPY_PHASE_STRIP = NO;
				DEBUG_INFORMATION_FORMAT = "dwarf-with-dsym";
				ENABLE_NS_ASSERTIONS = NO;
				ENABLE_STRICT_OBJC_MSGSEND = YES;
				GCC_C_LANGUAGE_STANDARD = gnu11;
				GCC_NO_COMMON_BLOCKS = YES;
				GCC_WARN_64_TO_32_BIT_CONVERSION = YES;
				GCC_WARN_ABOUT_RETURN_TYPE = YES_ERROR;
				GCC_WARN_UNDECLARED_SELECTOR = YES;
				GCC_WARN_UNINITIALIZED_AUTOS = YES_AGGRESSIVE;
				GCC_WARN_UNUSED_FUNCTION = YES;
				GCC_WARN_UNUSED_VARIABLE = YES;
				IPHONEOS_DEPLOYMENT_TARGET = 11.3;
				MTL_ENABLE_DEBUG_INFO = NO;
				SDKROOT = iphoneos;
				VALIDATE_PRODUCT = YES;
			};
			name = Release;
		};
		526B7B2F20878DA300AD27AD /* Debug */ = {
			isa = XCBuildConfiguration;
			baseConfigurationReference = 617D1F611B621C0FCB0439F9 /* Pods-SegmentedAndPagerNodeExample.debug.xcconfig */;
			buildSettings = {
				ASSETCATALOG_COMPILER_APPICON_NAME = AppIcon;
				CODE_SIGN_IDENTITY = "";
				CODE_SIGN_STYLE = Manual;
				DEVELOPMENT_TEAM = "";
				INFOPLIST_FILE = SegmentedAndPagerNodeExample/Info.plist;
				IPHONEOS_DEPLOYMENT_TARGET = 9.0;
				LD_RUNPATH_SEARCH_PATHS = (
					"$(inherited)",
					"@executable_path/Frameworks",
				);
				PRODUCT_BUNDLE_IDENTIFIER = me.archimboldi.SegmentedAndPagerNodeExample;
				PRODUCT_NAME = "$(TARGET_NAME)";
				PROVISIONING_PROFILE_SPECIFIER = "";
				TARGETED_DEVICE_FAMILY = "1,2";
			};
			name = Debug;
		};
		526B7B3020878DA300AD27AD /* Release */ = {
			isa = XCBuildConfiguration;
			baseConfigurationReference = 4BFD98BBF9CE1896E515786C /* Pods-SegmentedAndPagerNodeExample.release.xcconfig */;
			buildSettings = {
				ASSETCATALOG_COMPILER_APPICON_NAME = AppIcon;
				CODE_SIGN_IDENTITY = "";
				CODE_SIGN_STYLE = Manual;
				DEVELOPMENT_TEAM = "";
				INFOPLIST_FILE = SegmentedAndPagerNodeExample/Info.plist;
				IPHONEOS_DEPLOYMENT_TARGET = 9.0;
				LD_RUNPATH_SEARCH_PATHS = (
					"$(inherited)",
					"@executable_path/Frameworks",
				);
				PRODUCT_BUNDLE_IDENTIFIER = me.archimboldi.SegmentedAndPagerNodeExample;
				PRODUCT_NAME = "$(TARGET_NAME)";
				PROVISIONING_PROFILE_SPECIFIER = "";
				TARGETED_DEVICE_FAMILY = "1,2";
			};
			name = Release;
		};
/* End XCBuildConfiguration section */

/* Begin XCConfigurationList section */
		526B7B1320878DA200AD27AD /* Build configuration list for PBXProject "SegmentedAndPagerNodeExample" */ = {
			isa = XCConfigurationList;
			buildConfigurations = (
				526B7B2C20878DA300AD27AD /* Debug */,
				526B7B2D20878DA300AD27AD /* Release */,
			);
			defaultConfigurationIsVisible = 0;
			defaultConfigurationName = Release;
		};
		526B7B2E20878DA300AD27AD /* Build configuration list for PBXNativeTarget "SegmentedAndPagerNodeExample" */ = {
			isa = XCConfigurationList;
			buildConfigurations = (
				526B7B2F20878DA300AD27AD /* Debug */,
				526B7B3020878DA300AD27AD /* Release */,
			);
			defaultConfigurationIsVisible = 0;
			defaultConfigurationName = Release;
		};
/* End XCConfigurationList section */
	};
	rootObject = 526B7B1020878DA200AD27AD /* Project object */;
}
